# This file is autogenerated, do not edit; changes may be undone by the next 'dep ensure'.


[[projects]]
  branch = "master"
  name = "github.com/manhtai/imagequant"
  packages = ["."]
  revision = "a76d35dcb570dc4c564020f236d2e795dbc32295"

[solve-meta]
  analyzer-name = "dep"
  analyzer-version = 1
  inputs-digest = "01d3bb949431e7266ace7365360122daf121207f435f2acae40ed27863a85a2f"
  solver-name = "gps-cdcl"
  solver-version = 1
